
Microsoft Visual Studio Solution File, Format Version 12.00
# Visual Studio 14
VisualStudioVersion = 14.0.25420.1
MinimumVisualStudioVersion = 10.0.40219.1
Project("{8BC9CEB8-8B4A-11D0-8D11-00A0C91BC942}") = "ComponentModel", "ComponentModel\ComponentModel.vcxproj", "{371549B4-D0AC-4C7D-B82A-95EE54F3E974}"
	ProjectSection(ProjectDependencies) = postProject
		{D073F41F-F97F-418B-AA9B-AF6653DF101C} = {D073F41F-F97F-418B-AA9B-AF6653DF101C}
	EndProjectSection
EndProject
Project("{8BC9CEB8-8B4A-11D0-8D11-00A0C91BC942}") = "SingleCoreLib", "SingleCoreLib\SingleCoreLib.vcxproj", "{DB617796-520B-4A60-A0C5-E83D93103426}"
EndProject
Project("{2150E333-8FDC-42A3-9474-1A3956D46DE8}") = "NetworkMessage", "NetworkMessage", "{833767AC-C9C9-442C-AA66-360209013C0B}"
EndProject
Project("{2150E333-8FDC-42A3-9474-1A3956D46DE8}") = "Program", "Program", "{E6817973-7F88-4802-8E4A-B203B137C62F}"
EndProject
Project("{FAE04EC0-301F-11D3-BF4B-00C04F79EFBC}") = "NetworkMessage", "NetworkMessage\NetworkMessage.csproj", "{D073F41F-F97F-418B-AA9B-AF6653DF101C}"
EndProject
Project("{FAE04EC0-301F-11D3-BF4B-00C04F79EFBC}") = "MessageBuilderCore", "MessageBuilder\MessageBuilderCore\MessageBuilderCore.csproj", "{0D0A2AF7-AC7A-4B9D-93ED-AE7E643C3A92}"
EndProject
Project("{FAE04EC0-301F-11D3-BF4B-00C04F79EFBC}") = "CerealCodeGenerator", "MessageBuilder\CerealCodeGenerator\CerealCodeGenerator.csproj", "{DEC41C65-7CE4-4BE2-9464-AFC8254CA882}"
EndProject
Project("{2150E333-8FDC-42A3-9474-1A3956D46DE8}") = "MessageBuilder", "MessageBuilder", "{4DC7A6DC-32A6-4402-8B12-362A7DDA46F7}"
EndProject
Global
	GlobalSection(SolutionConfigurationPlatforms) = preSolution
		Debug|Any CPU = Debug|Any CPU
		Debug|x64 = Debug|x64
		Debug|x86 = Debug|x86
		Release|Any CPU = Release|Any CPU
		Release|x64 = Release|x64
		Release|x86 = Release|x86
	EndGlobalSection
	GlobalSection(ProjectConfigurationPlatforms) = postSolution
		{371549B4-D0AC-4C7D-B82A-95EE54F3E974}.Debug|Any CPU.ActiveCfg = Debug|Win32
		{371549B4-D0AC-4C7D-B82A-95EE54F3E974}.Debug|x64.ActiveCfg = Debug|x64
		{371549B4-D0AC-4C7D-B82A-95EE54F3E974}.Debug|x64.Build.0 = Debug|x64
		{371549B4-D0AC-4C7D-B82A-95EE54F3E974}.Debug|x86.ActiveCfg = Debug|Win32
		{371549B4-D0AC-4C7D-B82A-95EE54F3E974}.Debug|x86.Build.0 = Debug|Win32
		{371549B4-D0AC-4C7D-B82A-95EE54F3E974}.Release|Any CPU.ActiveCfg = Release|Win32
		{371549B4-D0AC-4C7D-B82A-95EE54F3E974}.Release|x64.ActiveCfg = Release|x64
		{371549B4-D0AC-4C7D-B82A-95EE54F3E974}.Release|x64.Build.0 = Release|x64
		{371549B4-D0AC-4C7D-B82A-95EE54F3E974}.Release|x86.ActiveCfg = Release|Win32
		{371549B4-D0AC-4C7D-B82A-95EE54F3E974}.Release|x86.Build.0 = Release|Win32
		{DB617796-520B-4A60-A0C5-E83D93103426}.Debug|Any CPU.ActiveCfg = Debug|Win32
		{DB617796-520B-4A60-A0C5-E83D93103426}.Debug|x64.ActiveCfg = Debug|x64
		{DB617796-520B-4A60-A0C5-E83D93103426}.Debug|x64.Build.0 = Debug|x64
		{DB617796-520B-4A60-A0C5-E83D93103426}.Debug|x86.ActiveCfg = Debug|Win32
		{DB617796-520B-4A60-A0C5-E83D93103426}.Debug|x86.Build.0 = Debug|Win32
		{DB617796-520B-4A60-A0C5-E83D93103426}.Release|Any CPU.ActiveCfg = Release|Win32
		{DB617796-520B-4A60-A0C5-E83D93103426}.Release|x64.ActiveCfg = Release|x64
		{DB617796-520B-4A60-A0C5-E83D93103426}.Release|x64.Build.0 = Release|x64
		{DB617796-520B-4A60-A0C5-E83D93103426}.Release|x86.ActiveCfg = Release|Win32
		{DB617796-520B-4A60-A0C5-E83D93103426}.Release|x86.Build.0 = Release|Win32
		{D073F41F-F97F-418B-AA9B-AF6653DF101C}.Debug|Any CPU.ActiveCfg = Debug|Any CPU
		{D073F41F-F97F-418B-AA9B-AF6653DF101C}.Debug|Any CPU.Build.0 = Debug|Any CPU
		{D073F41F-F97F-418B-AA9B-AF6653DF101C}.Debug|x64.ActiveCfg = Debug|Any CPU
		{D073F41F-F97F-418B-AA9B-AF6653DF101C}.Debug|x64.Build.0 = Debug|Any CPU
		{D073F41F-F97F-418B-AA9B-AF6653DF101C}.Debug|x86.ActiveCfg = Debug|Any CPU
		{D073F41F-F97F-418B-AA9B-AF6653DF101C}.Debug|x86.Build.0 = Debug|Any CPU
		{D073F41F-F97F-418B-AA9B-AF6653DF101C}.Release|Any CPU.ActiveCfg = Release|Any CPU
		{D073F41F-F97F-418B-AA9B-AF6653DF101C}.Release|Any CPU.Build.0 = Release|Any CPU
		{D073F41F-F97F-418B-AA9B-AF6653DF101C}.Release|x64.ActiveCfg = Release|Any CPU
		{D073F41F-F97F-418B-AA9B-AF6653DF101C}.Release|x64.Build.0 = Release|Any CPU
		{D073F41F-F97F-418B-AA9B-AF6653DF101C}.Release|x86.ActiveCfg = Release|Any CPU
		{D073F41F-F97F-418B-AA9B-AF6653DF101C}.Release|x86.Build.0 = Release|Any CPU
		{0D0A2AF7-AC7A-4B9D-93ED-AE7E643C3A92}.Debug|Any CPU.ActiveCfg = Debug|Any CPU
		{0D0A2AF7-AC7A-4B9D-93ED-AE7E643C3A92}.Debug|Any CPU.Build.0 = Debug|Any CPU
		{0D0A2AF7-AC7A-4B9D-93ED-AE7E643C3A92}.Debug|x64.ActiveCfg = Debug|Any CPU
		{0D0A2AF7-AC7A-4B9D-93ED-AE7E643C3A92}.Debug|x64.Build.0 = Debug|Any CPU
		{0D0A2AF7-AC7A-4B9D-93ED-AE7E643C3A92}.Debug|x86.ActiveCfg = Debug|Any CPU
		{0D0A2AF7-AC7A-4B9D-93ED-AE7E643C3A92}.Debug|x86.Build.0 = Debug|Any CPU
		{0D0A2AF7-AC7A-4B9D-93ED-AE7E643C3A92}.Release|Any CPU.ActiveCfg = Release|Any CPU
		{0D0A2AF7-AC7A-4B9D-93ED-AE7E643C3A92}.Release|Any CPU.Build.0 = Release|Any CPU
		{0D0A2AF7-AC7A-4B9D-93ED-AE7E643C3A92}.Release|x64.ActiveCfg = Release|Any CPU
		{0D0A2AF7-AC7A-4B9D-93ED-AE7E643C3A92}.Release|x64.Build.0 = Release|Any CPU
		{0D0A2AF7-AC7A-4B9D-93ED-AE7E643C3A92}.Release|x86.ActiveCfg = Release|Any CPU
		{0D0A2AF7-AC7A-4B9D-93ED-AE7E643C3A92}.Release|x86.Build.0 = Release|Any CPU
		{DEC41C65-7CE4-4BE2-9464-AFC8254CA882}.Debug|Any CPU.ActiveCfg = Debug|Any CPU
		{DEC41C65-7CE4-4BE2-9464-AFC8254CA882}.Debug|Any CPU.Build.0 = Debug|Any CPU
		{DEC41C65-7CE4-4BE2-9464-AFC8254CA882}.Debug|x64.ActiveCfg = Debug|Any CPU
		{DEC41C65-7CE4-4BE2-9464-AFC8254CA882}.Debug|x64.Build.0 = Debug|Any CPU
		{DEC41C65-7CE4-4BE2-9464-AFC8254CA882}.Debug|x86.ActiveCfg = Debug|Any CPU
		{DEC41C65-7CE4-4BE2-9464-AFC8254CA882}.Debug|x86.Build.0 = Debug|Any CPU
		{DEC41C65-7CE4-4BE2-9464-AFC8254CA882}.Release|Any CPU.ActiveCfg = Release|Any CPU
		{DEC41C65-7CE4-4BE2-9464-AFC8254CA882}.Release|Any CPU.Build.0 = Release|Any CPU
		{DEC41C65-7CE4-4BE2-9464-AFC8254CA882}.Release|x64.ActiveCfg = Release|Any CPU
		{DEC41C65-7CE4-4BE2-9464-AFC8254CA882}.Release|x64.Build.0 = Release|Any CPU
		{DEC41C65-7CE4-4BE2-9464-AFC8254CA882}.Release|x86.ActiveCfg = Release|Any CPU
		{DEC41C65-7CE4-4BE2-9464-AFC8254CA882}.Release|x86.Build.0 = Release|Any CPU
	EndGlobalSection
	GlobalSection(SolutionProperties) = preSolution
		HideSolutionNode = FALSE
	EndGlobalSection
	GlobalSection(NestedProjects) = preSolution
		{371549B4-D0AC-4C7D-B82A-95EE54F3E974} = {E6817973-7F88-4802-8E4A-B203B137C62F}
		{DB617796-520B-4A60-A0C5-E83D93103426} = {E6817973-7F88-4802-8E4A-B203B137C62F}
		{D073F41F-F97F-418B-AA9B-AF6653DF101C} = {833767AC-C9C9-442C-AA66-360209013C0B}
		{0D0A2AF7-AC7A-4B9D-93ED-AE7E643C3A92} = {4DC7A6DC-32A6-4402-8B12-362A7DDA46F7}
		{DEC41C65-7CE4-4BE2-9464-AFC8254CA882} = {4DC7A6DC-32A6-4402-8B12-362A7DDA46F7}
		{4DC7A6DC-32A6-4402-8B12-362A7DDA46F7} = {833767AC-C9C9-442C-AA66-360209013C0B}
	EndGlobalSection
EndGlobal
