<?xml version="1.0" encoding="utf-8"?>
<Project ToolsVersion="4.0" xmlns="http://schemas.microsoft.com/developer/msbuild/2003">
  <ItemGroup>
    <Filter Include="리소스 파일">
      <UniqueIdentifier>{67DA6AB6-F800-4c08-8B7A-83BB121AAD01}</UniqueIdentifier>
      <Extensions>rc;ico;cur;bmp;dlg;rc2;rct;bin;rgs;gif;jpg;jpeg;jpe;resx;tiff;tif;png;wav;mfcribbon-ms</Extensions>
    </Filter>
    <Filter Include="Network">
      <UniqueIdentifier>{65628a8a-552b-4464-b064-e830c4bf6212}</UniqueIdentifier>
    </Filter>
    <Filter Include="NewFilter1">
      <UniqueIdentifier>{4ca781ea-8ccb-476e-a6fa-81e6d4bf4b7c}</UniqueIdentifier>
    </Filter>
  </ItemGroup>
  <ItemGroup>
    <ClInclude Include="memory.h" />
    <ClInclude Include="Network.h" />
    <ClInclude Include="Pipeline.h" />
    <ClInclude Include="TemplateHelper.h" />
    <ClInclude Include="TemplateUtility.h" />
    <ClInclude Include="Types.h" />
    <ClInclude Include="UniqueId.h" />
    <ClInclude Include="exception.h" />
    <ClInclude Include="Network\CerealPacket.h">
      <Filter>Network</Filter>
    </ClInclude>
    <ClInclude Include="Network\IocpTask.h">
      <Filter>Network</Filter>
    </ClInclude>
    <ClInclude Include="Network\Listener.h">
      <Filter>Network</Filter>
    </ClInclude>
    <ClInclude Include="Network\NetworkInitializer.h">
      <Filter>Network</Filter>
    </ClInclude>
    <ClInclude Include="Network\NetworkThread.h">
      <Filter>Network</Filter>
    </ClInclude>
    <ClInclude Include="Network\NetworkWorker.h">
      <Filter>Network</Filter>
    </ClInclude>
    <ClInclude Include="Network\PacketHandlerTable.h">
      <Filter>Network</Filter>
    </ClInclude>
    <ClInclude Include="Network\Session.h">
      <Filter>Network</Filter>
    </ClInclude>
    <ClInclude Include="Network\SessionBuffer.h">
      <Filter>Network</Filter>
    </ClInclude>
    <ClInclude Include="Task.h" />
    <ClInclude Include="MathLib.h" />
    <ClInclude Include="PhysicsLib.h" />
  </ItemGroup>
  <ItemGroup>
    <ClCompile Include="Network\Listener.cpp">
      <Filter>Network</Filter>
    </ClCompile>
    <ClCompile Include="Network\NetworkThread.cpp">
      <Filter>Network</Filter>
    </ClCompile>
    <ClCompile Include="Network\NetworkWorker.cpp">
      <Filter>Network</Filter>
    </ClCompile>
    <ClCompile Include="Network\Session.cpp">
      <Filter>Network</Filter>
    </ClCompile>
  </ItemGroup>
</Project>