<?xml version="1.0" encoding="utf-8"?>
<Project ToolsVersion="4.0" xmlns="http://schemas.microsoft.com/developer/msbuild/2003">
  <ItemGroup>
    <Filter Include="Message">
      <UniqueIdentifier>{9654e2fb-9916-4d36-abbc-2bb979b9dac2}</UniqueIdentifier>
    </Filter>
    <Filter Include="GameEngine">
      <UniqueIdentifier>{0ca6f4c9-d207-4207-8290-644c51bd602d}</UniqueIdentifier>
    </Filter>
  </ItemGroup>
  <ItemGroup>
    <ClInclude Include="Message\csprotocol.include.h">
      <Filter>Message</Filter>
    </ClInclude>
    <ClInclude Include="Message\CSProtocol.message.h">
      <Filter>Message</Filter>
    </ClInclude>
    <ClInclude Include="Message\CSProtocol.stub.h">
      <Filter>Message</Filter>
    </ClInclude>
    <ClInclude Include="Message\SCProtocol.message.h">
      <Filter>Message</Filter>
    </ClInclude>
    <ClInclude Include="GameEngine\GameComponent.h">
      <Filter>GameEngine</Filter>
    </ClInclude>
    <ClInclude Include="GameEngine\GameObjectContainer.h" />
    <ClInclude Include="CSProtocolHandler.h" />
    <ClInclude Include="GameEngine\Zone.h" />
    <ClInclude Include="GameEngine\LazyMotionObject.h" />
    <ClInclude Include="UnitTests\Comp2.h" />
    <ClInclude Include="UnitTests\Comp1.h" />
    <ClInclude Include="Message\Net.message.h" />
    <ClInclude Include="GameComponents\Character\CharacterMoveController.h" />
    <ClInclude Include="GameComponents\Character\SkillActor.h" />
    <ClInclude Include="GameComponents\Collider.h" />
    <ClInclude Include="GameEngine\GameComponentBinder.h" />
    <ClInclude Include="Devs\EventDispatcher.h" />
    <ClInclude Include="Devs\MessageDispatcher.h" />
    <ClInclude Include="Devs\RestrictMessageTypes.h" />
    <ClInclude Include="Devs\FloodingDispatcher.h" />
  </ItemGroup>
  <ItemGroup>
    <ClCompile Include="main.cpp" />
    <ClCompile Include="CSProtocolHandler.cpp" />
    <ClCompile Include="UnitTests\UT_GameComponent.cpp" />
    <ClCompile Include="UnitTests\Comp1.cpp" />
    <ClCompile Include="UnitTests\Comp2.cpp" />
    <ClCompile Include="UnitTests\UT_Character.cpp" />
    <ClCompile Include="UnitTests\UT_Default.cpp" />
  </ItemGroup>
  <ItemGroup>
    <None Include="packages.config" />
  </ItemGroup>
</Project>