<?xml version="1.0" encoding="utf-8"?>
<Project ToolsVersion="4.0" xmlns="http://schemas.microsoft.com/developer/msbuild/2003">
  <ItemGroup>
    <Filter Include="Message">
      <UniqueIdentifier>{9654e2fb-9916-4d36-abbc-2bb979b9dac2}</UniqueIdentifier>
    </Filter>
  </ItemGroup>
  <ItemGroup>
    <ClInclude Include="Message\csprotocol.include.h">
      <Filter>Message</Filter>
    </ClInclude>
    <ClInclude Include="Message\CSProtocol.message.h">
      <Filter>Message</Filter>
    </ClInclude>
    <ClInclude Include="Message\CSProtocol.stub.h">
      <Filter>Message</Filter>
    </ClInclude>
    <ClInclude Include="Message\SCProtocol.message.h">
      <Filter>Message</Filter>
    </ClInclude>
    <ClInclude Include="Message\shared.shared.h">
      <Filter>Message</Filter>
    </ClInclude>
    <ClInclude Include="CSProtocolHandler.h" />
    <ClInclude Include="GameEngine\Component.h" />
    <ClInclude Include="GameEngine\GameComponent.h" />
  </ItemGroup>
  <ItemGroup>
    <ClCompile Include="main.cpp" />
  </ItemGroup>
</Project>